
Microsoft Visual Studio Solution File, Format Version 12.00
# Visual Studio 2013
VisualStudioVersion = 12.0.31101.0
MinimumVisualStudioVersion = 10.0.40219.1
Project("{FAE04EC0-301F-11D3-BF4B-00C04F79EFBC}") = "DecisionTrees", "DecisionTrees\DecisionTrees.csproj", "{E55AD6C4-4775-4F1F-AEAB-D75FE449D707}"
EndProject
Project("{2150E333-8FDC-42A3-9474-1A3956D46DE8}") = "Implementation", "Implementation", "{70CB88B9-97DD-46ED-B907-823343301049}"
EndProject
Project("{FAE04EC0-301F-11D3-BF4B-00C04F79EFBC}") = "DLL", "DLL\DLL.csproj", "{C1E0E4F7-BE20-4EAB-AE3A-D1D01FB3692D}"
EndProject
Project("{FAE04EC0-301F-11D3-BF4B-00C04F79EFBC}") = "BLL", "BLL\BLL.csproj", "{BA7A903A-AD0A-4276-BF82-8C00FD2C12FA}"
EndProject
Project("{2150E333-8FDC-42A3-9474-1A3956D46DE8}") = "Bridge", "Bridge", "{7D1EE338-979C-45A3-9455-91D62B7B2226}"
EndProject
Project("{FAE04EC0-301F-11D3-BF4B-00C04F79EFBC}") = "IBLL", "IBLL\IBLL.csproj", "{CE2D0678-D88B-4023-9F76-9455694656B3}"
EndProject
Project("{FAE04EC0-301F-11D3-BF4B-00C04F79EFBC}") = "IDLL", "IDLL\IDLL.csproj", "{A0F9650A-E365-4D50-AB41-9F2184F891F3}"
EndProject
Project("{2150E333-8FDC-42A3-9474-1A3956D46DE8}") = "Tests", "Tests", "{3A364453-AC5D-46F1-8764-BE09ED49E6A0}"
EndProject
Project("{FAE04EC0-301F-11D3-BF4B-00C04F79EFBC}") = "DLLTest", "DLLTest\DLLTest.csproj", "{078E805A-475C-4177-B432-F54D69AD4DC2}"
EndProject
Project("{FAE04EC0-301F-11D3-BF4B-00C04F79EFBC}") = "DataPreparation", "DataPreparation\DataPreparation.csproj", "{13639659-2427-42EB-B1CC-59BC93D375CC}"
EndProject
Project("{FAE04EC0-301F-11D3-BF4B-00C04F79EFBC}") = "Infrastructure", "Infrastructure\Infrastructure.csproj", "{E38A7B28-2987-4C51-8C28-30A5DD8C993F}"
EndProject
Project("{FAE04EC0-301F-11D3-BF4B-00C04F79EFBC}") = "BLLTest", "BLLTest\BLLTest.csproj", "{306FA3BC-5BDC-45F5-B704-69BB92641911}"
EndProject
Global
	GlobalSection(SolutionConfigurationPlatforms) = preSolution
		Debug|Any CPU = Debug|Any CPU
		Release|Any CPU = Release|Any CPU
	EndGlobalSection
	GlobalSection(ProjectConfigurationPlatforms) = postSolution
		{E55AD6C4-4775-4F1F-AEAB-D75FE449D707}.Debug|Any CPU.ActiveCfg = Debug|Any CPU
		{E55AD6C4-4775-4F1F-AEAB-D75FE449D707}.Debug|Any CPU.Build.0 = Debug|Any CPU
		{E55AD6C4-4775-4F1F-AEAB-D75FE449D707}.Release|Any CPU.ActiveCfg = Release|Any CPU
		{E55AD6C4-4775-4F1F-AEAB-D75FE449D707}.Release|Any CPU.Build.0 = Release|Any CPU
		{C1E0E4F7-BE20-4EAB-AE3A-D1D01FB3692D}.Debug|Any CPU.ActiveCfg = Debug|Any CPU
		{C1E0E4F7-BE20-4EAB-AE3A-D1D01FB3692D}.Debug|Any CPU.Build.0 = Debug|Any CPU
		{C1E0E4F7-BE20-4EAB-AE3A-D1D01FB3692D}.Release|Any CPU.ActiveCfg = Release|Any CPU
		{C1E0E4F7-BE20-4EAB-AE3A-D1D01FB3692D}.Release|Any CPU.Build.0 = Release|Any CPU
		{BA7A903A-AD0A-4276-BF82-8C00FD2C12FA}.Debug|Any CPU.ActiveCfg = Debug|Any CPU
		{BA7A903A-AD0A-4276-BF82-8C00FD2C12FA}.Debug|Any CPU.Build.0 = Debug|Any CPU
		{BA7A903A-AD0A-4276-BF82-8C00FD2C12FA}.Release|Any CPU.ActiveCfg = Release|Any CPU
		{BA7A903A-AD0A-4276-BF82-8C00FD2C12FA}.Release|Any CPU.Build.0 = Release|Any CPU
		{CE2D0678-D88B-4023-9F76-9455694656B3}.Debug|Any CPU.ActiveCfg = Debug|Any CPU
		{CE2D0678-D88B-4023-9F76-9455694656B3}.Debug|Any CPU.Build.0 = Debug|Any CPU
		{CE2D0678-D88B-4023-9F76-9455694656B3}.Release|Any CPU.ActiveCfg = Release|Any CPU
		{CE2D0678-D88B-4023-9F76-9455694656B3}.Release|Any CPU.Build.0 = Release|Any CPU
		{A0F9650A-E365-4D50-AB41-9F2184F891F3}.Debug|Any CPU.ActiveCfg = Debug|Any CPU
		{A0F9650A-E365-4D50-AB41-9F2184F891F3}.Debug|Any CPU.Build.0 = Debug|Any CPU
		{A0F9650A-E365-4D50-AB41-9F2184F891F3}.Release|Any CPU.ActiveCfg = Release|Any CPU
		{A0F9650A-E365-4D50-AB41-9F2184F891F3}.Release|Any CPU.Build.0 = Release|Any CPU
		{078E805A-475C-4177-B432-F54D69AD4DC2}.Debug|Any CPU.ActiveCfg = Debug|Any CPU
		{078E805A-475C-4177-B432-F54D69AD4DC2}.Debug|Any CPU.Build.0 = Debug|Any CPU
		{078E805A-475C-4177-B432-F54D69AD4DC2}.Release|Any CPU.ActiveCfg = Release|Any CPU
		{078E805A-475C-4177-B432-F54D69AD4DC2}.Release|Any CPU.Build.0 = Release|Any CPU
		{13639659-2427-42EB-B1CC-59BC93D375CC}.Debug|Any CPU.ActiveCfg = Debug|Any CPU
		{13639659-2427-42EB-B1CC-59BC93D375CC}.Debug|Any CPU.Build.0 = Debug|Any CPU
		{13639659-2427-42EB-B1CC-59BC93D375CC}.Release|Any CPU.ActiveCfg = Release|Any CPU
		{13639659-2427-42EB-B1CC-59BC93D375CC}.Release|Any CPU.Build.0 = Release|Any CPU
		{E38A7B28-2987-4C51-8C28-30A5DD8C993F}.Debug|Any CPU.ActiveCfg = Debug|Any CPU
		{E38A7B28-2987-4C51-8C28-30A5DD8C993F}.Debug|Any CPU.Build.0 = Debug|Any CPU
		{E38A7B28-2987-4C51-8C28-30A5DD8C993F}.Release|Any CPU.ActiveCfg = Release|Any CPU
		{E38A7B28-2987-4C51-8C28-30A5DD8C993F}.Release|Any CPU.Build.0 = Release|Any CPU
		{306FA3BC-5BDC-45F5-B704-69BB92641911}.Debug|Any CPU.ActiveCfg = Debug|Any CPU
		{306FA3BC-5BDC-45F5-B704-69BB92641911}.Debug|Any CPU.Build.0 = Debug|Any CPU
		{306FA3BC-5BDC-45F5-B704-69BB92641911}.Release|Any CPU.ActiveCfg = Release|Any CPU
		{306FA3BC-5BDC-45F5-B704-69BB92641911}.Release|Any CPU.Build.0 = Release|Any CPU
	EndGlobalSection
	GlobalSection(SolutionProperties) = preSolution
		HideSolutionNode = FALSE
	EndGlobalSection
	GlobalSection(NestedProjects) = preSolution
		{E55AD6C4-4775-4F1F-AEAB-D75FE449D707} = {70CB88B9-97DD-46ED-B907-823343301049}
		{C1E0E4F7-BE20-4EAB-AE3A-D1D01FB3692D} = {70CB88B9-97DD-46ED-B907-823343301049}
		{BA7A903A-AD0A-4276-BF82-8C00FD2C12FA} = {70CB88B9-97DD-46ED-B907-823343301049}
		{CE2D0678-D88B-4023-9F76-9455694656B3} = {7D1EE338-979C-45A3-9455-91D62B7B2226}
		{A0F9650A-E365-4D50-AB41-9F2184F891F3} = {7D1EE338-979C-45A3-9455-91D62B7B2226}
		{078E805A-475C-4177-B432-F54D69AD4DC2} = {3A364453-AC5D-46F1-8764-BE09ED49E6A0}
		{13639659-2427-42EB-B1CC-59BC93D375CC} = {70CB88B9-97DD-46ED-B907-823343301049}
		{E38A7B28-2987-4C51-8C28-30A5DD8C993F} = {7D1EE338-979C-45A3-9455-91D62B7B2226}
		{306FA3BC-5BDC-45F5-B704-69BB92641911} = {3A364453-AC5D-46F1-8764-BE09ED49E6A0}
	EndGlobalSection
EndGlobal
